
Microsoft Visual Studio Solution File, Format Version 12.00
# Visual Studio Version 16
VisualStudioVersion = 16.0.29215.179
MinimumVisualStudioVersion = 10.0.40219.1
Project("{8BC9CEB8-8B4A-11D0-8D11-00A0C91BC942}") = "JozijoInput", "JozijoInput\JozijoInput.vcxproj", "{83D70810-D76D-418F-A880-D3B3AF826323}"
EndProject
Project("{8BC9CEB8-8B4A-11D0-8D11-00A0C91BC942}") = "TESTHOOKHOLD", "TESTHOOKHOLD\TESTHOOKHOLD.vcxproj", "{E548A565-FD1B-4019-9C35-17C160FA3B3B}"
EndProject
Global
	GlobalSection(SolutionConfigurationPlatforms) = preSolution
		Debug|x64 = Debug|x64
		Debug|x86 = Debug|x86
		Release|x64 = Release|x64
		Release|x86 = Release|x86
	EndGlobalSection
	GlobalSection(ProjectConfigurationPlatforms) = postSolution
		{83D70810-D76D-418F-A880-D3B3AF826323}.Debug|x64.ActiveCfg = Debug|x64
		{83D70810-D76D-418F-A880-D3B3AF826323}.Debug|x64.Build.0 = Debug|x64
		{83D70810-D76D-418F-A880-D3B3AF826323}.Debug|x86.ActiveCfg = Debug|Win32
		{83D70810-D76D-418F-A880-D3B3AF826323}.Debug|x86.Build.0 = Debug|Win32
		{83D70810-D76D-418F-A880-D3B3AF826323}.Release|x64.ActiveCfg = Release|x64
		{83D70810-D76D-418F-A880-D3B3AF826323}.Release|x64.Build.0 = Release|x64
		{83D70810-D76D-418F-A880-D3B3AF826323}.Release|x86.ActiveCfg = Release|Win32
		{83D70810-D76D-418F-A880-D3B3AF826323}.Release|x86.Build.0 = Release|Win32
		{E548A565-FD1B-4019-9C35-17C160FA3B3B}.Debug|x64.ActiveCfg = Debug|x64
		{E548A565-FD1B-4019-9C35-17C160FA3B3B}.Debug|x64.Build.0 = Debug|x64
		{E548A565-FD1B-4019-9C35-17C160FA3B3B}.Debug|x86.ActiveCfg = Debug|Win32
		{E548A565-FD1B-4019-9C35-17C160FA3B3B}.Debug|x86.Build.0 = Debug|Win32
		{E548A565-FD1B-4019-9C35-17C160FA3B3B}.Release|x64.ActiveCfg = Release|x64
		{E548A565-FD1B-4019-9C35-17C160FA3B3B}.Release|x64.Build.0 = Release|x64
		{E548A565-FD1B-4019-9C35-17C160FA3B3B}.Release|x86.ActiveCfg = Release|Win32
		{E548A565-FD1B-4019-9C35-17C160FA3B3B}.Release|x86.Build.0 = Release|Win32
	EndGlobalSection
	GlobalSection(SolutionProperties) = preSolution
		HideSolutionNode = FALSE
	EndGlobalSection
	GlobalSection(ExtensibilityGlobals) = postSolution
		SolutionGuid = {67B12ACB-CFC5-47B4-8239-CA4243624558}
	EndGlobalSection
EndGlobal
